# @generated - this file is auto-generated by `mise lock` https://mise.jdx.dev/dev-tools/mise-lock.html

lockfile_version = 1

[[tools.claude-code]]
version = "2.1.292"
backend = "aqua:anthropics/claude-code"
specifiers = ["2.1.292"]

[tools.claude-code."platforms.linux-arm64"]
checksum = "sha256:3b2b5f594bef12054b00e6cb61cddcc0900150e0a22a0ff822a0515bc17b1230"
url = "https://github.com/anthropics/claude-code/releases/download/v2.1.292/claude-linux-arm64.tar.gz"
url_api = "https://api.github.com/repos/anthropics/claude-code/releases/assets/616117001"

[tools.claude-code."platforms.linux-arm64-musl"]
checksum = "sha256:185d5339dfbd490cc14778b2f3af7a4bf871c9675d2d454ae26844b0048e4567"
url = "https://github.com/anthropics/claude-code/releases/download/v2.1.292/claude-linux-arm64-musl.tar.gz"
url_api = "https://api.github.com/repos/anthropics/claude-code/releases/assets/616117004"

[tools.claude-code."platforms.linux-x64"]
checksum = "sha256:7045cd790b2c7b8cc6169d061aec7274d37a6a0d8ed318a6ff8868262433b1f9"
url = "https://github.com/anthropics/claude-code/releases/download/v2.1.292/claude-linux-x64.tar.gz"
url_api = "https://api.github.com/repos/anthropics/claude-code/releases/assets/616117246"

[tools.claude-code."platforms.linux-x64-musl"]
checksum = "sha256:363a98b0856dc5c5404a64bb17ef94d41650883c8bf3a94033ee48afdeaef2f1"
url = "https://github.com/anthropics/claude-code/releases/download/v2.1.292/claude-linux-x64-musl.tar.gz"
url_api = "https://api.github.com/repos/anthropics/claude-code/releases/assets/616117002"

[tools.claude-code."platforms.macos-arm64"]
checksum = "sha256:7a7dcc508696a2093dfc690398b86217f12b07809b7bd534c2fde4f417881556"
url = "https://github.com/anthropics/claude-code/releases/download/v2.1.292/claude-darwin-arm64.tar.gz"
url_api = "https://api.github.com/repos/anthropics/claude-code/releases/assets/616117003"

[tools.claude-code."platforms.macos-x64"]
checksum = "sha256:09cae50768d6cfdc2c8b110e8417627c0b0c6950adfae0c5b000ebef18ecf6d5"
url = "https://github.com/anthropics/claude-code/releases/download/v2.1.292/claude-darwin-x64.tar.gz"
url_api = "https://api.github.com/repos/anthropics/claude-code/releases/assets/616116999"

[tools.claude-code."platforms.windows-x64"]
checksum = "sha256:5d291bd9fa05345fb1baf6834a5609b996ab8c518e18b86dd3869907166e9e88"
url = "https://github.com/anthropics/claude-code/releases/download/v2.1.292/claude-win32-x64.zip"
url_api = "https://api.github.com/repos/anthropics/claude-code/releases/assets/616117256"
